# THIS IS AN AUTOGENERATED FILE. DO NOT EDIT THIS FILE DIRECTLY.
# yarn lockfile v1


map-obj@^5.0.2:
  version "5.0.2"
  resolved "https://registry.yarnpkg.com/map-obj/-/map-obj-5.0.2.tgz#174ad9f7e5e4e777a219126d9a734ff3e14a1c68"
  integrity sha512-K6K2NgKnTXimT3779/4KxSvobxOtMmx1LBZ3NwRxT/MDIR3Br/fQ4Q+WCX5QxjyUR8zg5+RV9Tbf2c5pAWTD2A==
